
Microsoft Visual Studio Solution File, Format Version 12.00
# Visual Studio 15
VisualStudioVersion = 15.0.28307.960
MinimumVisualStudioVersion = 10.0.40219.1
Project("{8BC9CEB8-8B4A-11D0-8D11-00A0C91BC942}") = "BionicleHeroesGFX", "BionicleHeroesGFX\BionicleHeroesGFX.vcxproj", "{658511B3-9925-49BD-9B38-976DD84BEF4A}"
EndProject
Global
	GlobalSection(SolutionConfigurationPlatforms) = preSolution
		Debug|x64 = Debug|x64
		Debug|x86 = Debug|x86
		Release|x64 = Release|x64
		Release|x86 = Release|x86
	EndGlobalSection
	GlobalSection(ProjectConfigurationPlatforms) = postSolution
		{658511B3-9925-49BD-9B38-976DD84BEF4A}.Debug|x64.ActiveCfg = Debug|x64
		{658511B3-9925-49BD-9B38-976DD84BEF4A}.Debug|x64.Build.0 = Debug|x64
		{658511B3-9925-49BD-9B38-976DD84BEF4A}.Debug|x86.ActiveCfg = Debug|Win32
		{658511B3-9925-49BD-9B38-976DD84BEF4A}.Debug|x86.Build.0 = Debug|Win32
		{658511B3-9925-49BD-9B38-976DD84BEF4A}.Release|x64.ActiveCfg = Release|x64
		{658511B3-9925-49BD-9B38-976DD84BEF4A}.Release|x64.Build.0 = Release|x64
		{658511B3-9925-49BD-9B38-976DD84BEF4A}.Release|x86.ActiveCfg = Release|Win32
		{658511B3-9925-49BD-9B38-976DD84BEF4A}.Release|x86.Build.0 = Release|Win32
	EndGlobalSection
	GlobalSection(SolutionProperties) = preSolution
		HideSolutionNode = FALSE
	EndGlobalSection
	GlobalSection(ExtensibilityGlobals) = postSolution
		SolutionGuid = {AE41CA2B-D678-4CEA-961D-E52A943D54A6}
	EndGlobalSection
EndGlobal
